
Microsoft Visual Studio Solution File, Format Version 12.00
# Visual Studio Version 16
VisualStudioVersion = 16.0.29905.134
MinimumVisualStudioVersion = 10.0.40219.1
Project("{FAE04EC0-301F-11D3-BF4B-00C04F79EFBC}") = "RockPaperScissors.App", "RockPaperScissors.App\RockPaperScissors.App.csproj", "{2378618C-D405-4F03-8501-3764C3DDE888}"
EndProject
Project("{FAE04EC0-301F-11D3-BF4B-00C04F79EFBC}") = "RockPaperScissors.Library", "RockPaperScissors.Library\RockPaperScissors.Library.csproj", "{5E7CAFFB-2EFE-4785-BF57-77A8970C8FE8}"
EndProject
Global
	GlobalSection(SolutionConfigurationPlatforms) = preSolution
		Debug|Any CPU = Debug|Any CPU
		Release|Any CPU = Release|Any CPU
	EndGlobalSection
	GlobalSection(ProjectConfigurationPlatforms) = postSolution
		{2378618C-D405-4F03-8501-3764C3DDE888}.Debug|Any CPU.ActiveCfg = Debug|Any CPU
		{2378618C-D405-4F03-8501-3764C3DDE888}.Debug|Any CPU.Build.0 = Debug|Any CPU
		{2378618C-D405-4F03-8501-3764C3DDE888}.Release|Any CPU.ActiveCfg = Release|Any CPU
		{2378618C-D405-4F03-8501-3764C3DDE888}.Release|Any CPU.Build.0 = Release|Any CPU
		{5E7CAFFB-2EFE-4785-BF57-77A8970C8FE8}.Debug|Any CPU.ActiveCfg = Debug|Any CPU
		{5E7CAFFB-2EFE-4785-BF57-77A8970C8FE8}.Debug|Any CPU.Build.0 = Debug|Any CPU
		{5E7CAFFB-2EFE-4785-BF57-77A8970C8FE8}.Release|Any CPU.ActiveCfg = Release|Any CPU
		{5E7CAFFB-2EFE-4785-BF57-77A8970C8FE8}.Release|Any CPU.Build.0 = Release|Any CPU
	EndGlobalSection
	GlobalSection(SolutionProperties) = preSolution
		HideSolutionNode = FALSE
	EndGlobalSection
	GlobalSection(ExtensibilityGlobals) = postSolution
		SolutionGuid = {FFA2E393-B5BD-4982-8B3F-3B89E8537CA1}
	EndGlobalSection
EndGlobal
